
Microsoft Visual Studio Solution File, Format Version 12.00
# Visual Studio Version 16
VisualStudioVersion = 16.0.30413.136
MinimumVisualStudioVersion = 10.0.40219.1
Project("{9A19103F-16F7-4668-BE54-9A1E7A4F7556}") = "Triton.FleetManagement.WebApi", "src\Triton.FleetManagement.WebApi.csproj", "{E51123CE-E0F9-4839-BE84-C131AF012956}"
EndProject
Project("{2150E333-8FDC-42A3-9474-1A3956D46DE8}") = "src", "src", "{C088251F-C10D-4222-B761-EE7799DF9257}"
EndProject
Project("{2150E333-8FDC-42A3-9474-1A3956D46DE8}") = "tests", "tests", "{158257E6-B070-4611-BD2E-766ECE0B9A3E}"
EndProject
Project("{9A19103F-16F7-4668-BE54-9A1E7A4F7556}") = "Triton.FleetManagement.Repository.Tests", "tests\Triton.FleetManagement.Repository.Tests\Triton.FleetManagement.Repository.Tests.csproj", "{8718A875-76DB-460C-9492-36024041F02D}"
EndProject
Global
	GlobalSection(SolutionConfigurationPlatforms) = preSolution
		Debug|Any CPU = Debug|Any CPU
		Release|Any CPU = Release|Any CPU
	EndGlobalSection
	GlobalSection(ProjectConfigurationPlatforms) = postSolution
		{E51123CE-E0F9-4839-BE84-C131AF012956}.Debug|Any CPU.ActiveCfg = Debug|Any CPU
		{E51123CE-E0F9-4839-BE84-C131AF012956}.Debug|Any CPU.Build.0 = Debug|Any CPU
		{E51123CE-E0F9-4839-BE84-C131AF012956}.Release|Any CPU.ActiveCfg = Release|Any CPU
		{E51123CE-E0F9-4839-BE84-C131AF012956}.Release|Any CPU.Build.0 = Release|Any CPU
		{8718A875-76DB-460C-9492-36024041F02D}.Debug|Any CPU.ActiveCfg = Debug|Any CPU
		{8718A875-76DB-460C-9492-36024041F02D}.Debug|Any CPU.Build.0 = Debug|Any CPU
		{8718A875-76DB-460C-9492-36024041F02D}.Release|Any CPU.ActiveCfg = Release|Any CPU
		{8718A875-76DB-460C-9492-36024041F02D}.Release|Any CPU.Build.0 = Release|Any CPU
	EndGlobalSection
	GlobalSection(SolutionProperties) = preSolution
		HideSolutionNode = FALSE
	EndGlobalSection
	GlobalSection(NestedProjects) = preSolution
		{E51123CE-E0F9-4839-BE84-C131AF012956} = {C088251F-C10D-4222-B761-EE7799DF9257}
		{8718A875-76DB-460C-9492-36024041F02D} = {158257E6-B070-4611-BD2E-766ECE0B9A3E}
	EndGlobalSection
	GlobalSection(ExtensibilityGlobals) = postSolution
		SolutionGuid = {EECF4445-14EC-402B-B1BB-28282323F752}
	EndGlobalSection
EndGlobal
